[[package]]
category = "dev"
description = "Atomic file writes."
name = "atomicwrites"
optional = false
python-versions = ">=2.7, !=3.0.*, !=3.1.*, !=3.2.*, !=3.3.*"
version = "1.4.0"

[[package]]
category = "dev"
description = "Classes Without Boilerplate"
name = "attrs"
optional = false
python-versions = ">=2.7, !=3.0.*, !=3.1.*, !=3.2.*, !=3.3.*"
version = "20.2.0"

[package.extras]
dev = ["coverage (>=5.0.2)", "hypothesis", "pympler", "pytest (>=4.3.0)", "six", "zope.interface", "sphinx", "sphinx-rtd-theme", "pre-commit"]
docs = ["sphinx", "sphinx-rtd-theme", "zope.interface"]
tests = ["coverage (>=5.0.2)", "hypothesis", "pympler", "pytest (>=4.3.0)", "six", "zope.interface"]
tests_no_zope = ["coverage (>=5.0.2)", "hypothesis", "pympler", "pytest (>=4.3.0)", "six"]

[[package]]
category = "main"
description = "Time-handling functionality from netcdf4-python"
name = "cftime"
optional = false
python-versions = "*"
version = "1.2.1"

[package.dependencies]
numpy = "*"

[[package]]
category = "dev"
description = "Cross-platform colored terminal text."
marker = "sys_platform == \"win32\""
name = "colorama"
optional = false
python-versions = ">=2.7, !=3.0.*, !=3.1.*, !=3.2.*, !=3.3.*, !=3.4.*"
version = "0.4.3"

[[package]]
category = "dev"
description = "Read metadata from Python packages"
marker = "python_version < \"3.8\""
name = "importlib-metadata"
optional = false
python-versions = "!=3.0.*,!=3.1.*,!=3.2.*,!=3.3.*,!=3.4.*,>=2.7"
version = "2.0.0"

[package.dependencies]
zipp = ">=0.5"

[package.extras]
docs = ["sphinx", "rst.linker"]
testing = ["packaging", "pep517", "importlib-resources (>=1.3)"]

[[package]]
category = "dev"
description = "More routines for operating on iterables, beyond itertools"
name = "more-itertools"
optional = false
python-versions = ">=3.5"
version = "8.5.0"

[[package]]
category = "main"
description = "Provides an object-oriented python interface to the netCDF version 4 library."
name = "netcdf4"
optional = false
python-versions = "*"
version = "1.5.4"

[package.dependencies]
cftime = "*"
numpy = ">=1.9"

[[package]]
category = "main"
description = "NumPy is the fundamental package for array computing with Python."
name = "numpy"
optional = false
python-versions = ">=3.6"
version = "1.19.2"

[[package]]
category = "main"
description = "Framework for Lagrangian tracking of virtual ocean particles in the petascale age."
name = "parcels"
optional = false
python-versions = "*"
version = "2.0.0"

[[package]]
category = "dev"
description = "plugin and hook calling mechanisms for python"
name = "pluggy"
optional = false
python-versions = ">=2.7, !=3.0.*, !=3.1.*, !=3.2.*, !=3.3.*"
version = "0.13.1"

[package.dependencies]
[package.dependencies.importlib-metadata]
python = "<3.8"
version = ">=0.12"

[package.extras]
dev = ["pre-commit", "tox"]

[[package]]
category = "dev"
description = "library with cross-python path, ini-parsing, io, code, log facilities"
name = "py"
optional = false
python-versions = ">=2.7, !=3.0.*, !=3.1.*, !=3.2.*, !=3.3.*"
version = "1.9.0"

[[package]]
category = "dev"
description = "pytest: simple powerful testing with Python"
name = "pytest"
optional = false
python-versions = ">=2.7, !=3.0.*, !=3.1.*, !=3.2.*, !=3.3.*"
version = "3.10.1"

[package.dependencies]
atomicwrites = ">=1.0"
attrs = ">=17.4.0"
colorama = "*"
more-itertools = ">=4.0.0"
pluggy = ">=0.7"
py = ">=1.5.0"
setuptools = "*"
six = ">=1.10.0"

[[package]]
category = "main"
description = "Add .env support to your django/flask apps in development and deployments"
name = "python-dotenv"
optional = false
python-versions = "*"
version = "0.14.0"

[package.extras]
cli = ["click (>=5.0)"]

[[package]]
category = "dev"
description = "Python 2 and 3 compatibility utilities"
name = "six"
optional = false
python-versions = ">=2.7, !=3.0.*, !=3.1.*, !=3.2.*"
version = "1.15.0"

[[package]]
category = "dev"
description = "Backport of pathlib-compatible object wrapper for zip files"
marker = "python_version < \"3.8\""
name = "zipp"
optional = false
python-versions = ">=3.6"
version = "3.2.0"

[package.extras]
docs = ["sphinx", "jaraco.packaging (>=3.2)", "rst.linker (>=1.9)"]
testing = ["pytest (>=3.5,<3.7.3 || >3.7.3)", "pytest-checkdocs (>=1.2.3)", "pytest-flake8", "pytest-cov", "jaraco.test (>=3.2.0)", "jaraco.itertools", "func-timeout", "pytest-black (>=0.3.7)", "pytest-mypy"]

[metadata]
content-hash = "859a5a166b00d0880648298adfc12904a73b293ffb6a0d47845b39295e00357e"
lock-version = "1.0"
python-versions = "^3.6"

[metadata.files]
atomicwrites = [
    {file = "atomicwrites-1.4.0-py2.py3-none-any.whl", hash = "sha256:6d1784dea7c0c8d4a5172b6c620f40b6e4cbfdf96d783691f2e1302a7b88e197"},
    {file = "atomicwrites-1.4.0.tar.gz", hash = "sha256:ae70396ad1a434f9c7046fd2dd196fc04b12f9e91ffb859164193be8b6168a7a"},
]
attrs = [
    {file = "attrs-20.2.0-py2.py3-none-any.whl", hash = "sha256:fce7fc47dfc976152e82d53ff92fa0407700c21acd20886a13777a0d20e655dc"},
    {file = "attrs-20.2.0.tar.gz", hash = "sha256:26b54ddbbb9ee1d34d5d3668dd37d6cf74990ab23c828c2888dccdceee395594"},
]
cftime = [
    {file = "cftime-1.2.1-cp36-cp36m-macosx_10_9_x86_64.whl", hash = "sha256:1381b4ba9e53e932472a7da574d8553477d15aa8bc647425cb0110db4f4dfdac"},
    {file = "cftime-1.2.1-cp36-cp36m-manylinux1_i686.whl", hash = "sha256:5ddbc9514719e6b964cd9fd5f306679af09f53f8f6792888d62448b1b6d764d9"},
    {file = "cftime-1.2.1-cp36-cp36m-manylinux1_x86_64.whl", hash = "sha256:7a2b0a3821071560d2ae01236215be6dd7bfa81328823ec602f37496aeea35d0"},
    {file = "cftime-1.2.1-cp36-none-win32.whl", hash = "sha256:33b5180650a4aace7ce021af4af0f278477be94276da7b7c8ae51b49e5a022a9"},
    {file = "cftime-1.2.1-cp36-none-win_amd64.whl", hash = "sha256:eba48c7e47468f16cb1c8caf6ce772e39d067100e3893b94cf7dd394ec23d943"},
    {file = "cftime-1.2.1-cp37-cp37m-macosx_10_9_x86_64.whl", hash = "sha256:3c23e4b0109ff7b878fc60d7ed9131bdc8c2c8ea098c2f9200e19c596ffe0019"},
    {file = "cftime-1.2.1-cp37-cp37m-manylinux1_i686.whl", hash = "sha256:7cb8defe607da8cacbd4ebb3b983571732b0476be98decda37595ae49108797f"},
    {file = "cftime-1.2.1-cp37-cp37m-manylinux1_x86_64.whl", hash = "sha256:fec04d3bed7078f1a62db7dab12790b96eb3b48e3522ad0c28c9d36175b99f89"},
    {file = "cftime-1.2.1-cp37-none-win32.whl", hash = "sha256:d6bf1c1954660a500d11ca047151205182212dfaa20b2eb0c6dfe372140868fc"},
    {file = "cftime-1.2.1-cp37-none-win_amd64.whl", hash = "sha256:08bc1af49f92a31b8b58a4d8b61bf457e17832eb3440eac7eec79afca7d0be59"},
    {file = "cftime-1.2.1-cp38-cp38-macosx_10_9_x86_64.whl", hash = "sha256:bf797e0c71631406a19fe2a69ff311cb9be10610c30e02f7f75920e779076840"},
    {file = "cftime-1.2.1-cp38-cp38-manylinux1_i686.whl", hash = "sha256:b694aead858872b7102f860d00439147df1d867ea8fbaafe0be787f7fa59c264"},
    {file = "cftime-1.2.1-cp38-cp38-manylinux1_x86_64.whl", hash = "sha256:8390ea907988b11a93fa263365ca6a4ea829378b1e24e48b1087803d6bb6089c"},
    {file = "cftime-1.2.1-cp38-none-win32.whl", hash = "sha256:b4bb4ae6c6e44f4d8bc080042515e70423bec20f5279e49b564c0238dc4319ad"},
    {file = "cftime-1.2.1-cp38-none-win_amd64.whl", hash = "sha256:650e3ca771f6b6e9d6984af007c1045eb77eae40f9342e2982a45162a097cac5"},
    {file = "cftime-1.2.1.tar.gz", hash = "sha256:ab5d5076f7d3e699758a244ada7c66da96bae36e22b9e351ce0ececc36f0a57f"},
]
colorama = [
    {file = "colorama-0.4.3-py2.py3-none-any.whl", hash = "sha256:7d73d2a99753107a36ac6b455ee49046802e59d9d076ef8e47b61499fa29afff"},
    {file = "colorama-0.4.3.tar.gz", hash = "sha256:e96da0d330793e2cb9485e9ddfd918d456036c7149416295932478192f4436a1"},
]
importlib-metadata = [
    {file = "importlib_metadata-2.0.0-py2.py3-none-any.whl", hash = "sha256:cefa1a2f919b866c5beb7c9f7b0ebb4061f30a8a9bf16d609b000e2dfaceb9c3"},
    {file = "importlib_metadata-2.0.0.tar.gz", hash = "sha256:77a540690e24b0305878c37ffd421785a6f7e53c8b5720d211b211de8d0e95da"},
]
more-itertools = [
    {file = "more-itertools-8.5.0.tar.gz", hash = "sha256:6f83822ae94818eae2612063a5101a7311e68ae8002005b5e05f03fd74a86a20"},
    {file = "more_itertools-8.5.0-py3-none-any.whl", hash = "sha256:9b30f12df9393f0d28af9210ff8efe48d10c94f73e5daf886f10c4b0b0b4f03c"},
]
netcdf4 = [
    {file = "netCDF4-1.5.4-cp36-cp36m-macosx_10_9_x86_64.whl", hash = "sha256:c4192fa17493783b409c726048e5297591b2938e19fe7ec8f2769c859290a404"},
    {file = "netCDF4-1.5.4-cp36-cp36m-manylinux1_i686.whl", hash = "sha256:a443c1523ec0449483e620ae17f92cfd59567bd50f8dfece6b7ee7a20e28249d"},
    {file = "netCDF4-1.5.4-cp36-cp36m-manylinux1_x86_64.whl", hash = "sha256:ce5c4e42f8970ecbafb7f706648e03e8e1ec54a3db979a68f5cf49ff032ab06e"},
    {file = "netCDF4-1.5.4-cp36-cp36m-win32.whl", hash = "sha256:af1eaadf3f0a1ef91c1f396c0b57d4a376db9459f6ae812e711404917b352a26"},
    {file = "netCDF4-1.5.4-cp36-cp36m-win_amd64.whl", hash = "sha256:ff0db30eee3fe3d4dc18c6658e702b2a4859a3b94c1990177fea4660cebe3c37"},
    {file = "netCDF4-1.5.4-cp37-cp37m-macosx_10_9_x86_64.whl", hash = "sha256:3dd358286f60afcb7d2df15362157a1821786ddb4bac10239849b0b751be91a7"},
    {file = "netCDF4-1.5.4-cp37-cp37m-manylinux1_i686.whl", hash = "sha256:eedd5d256a9393645bf06e9de97d8b744692217c426a03aca935fded43f5222f"},
    {file = "netCDF4-1.5.4-cp37-cp37m-manylinux1_x86_64.whl", hash = "sha256:f3d224b6ea4017ba067a116b7ba4e56e7086bdfd41aa0ceceef12b8b85dbf6b3"},
    {file = "netCDF4-1.5.4-cp37-cp37m-win32.whl", hash = "sha256:703bca7c85f86ec8d469dfd2b7e9d7e5b4e1be0224c8c7f6c03ea132e1b55069"},
    {file = "netCDF4-1.5.4-cp37-cp37m-win_amd64.whl", hash = "sha256:355aafbd932f98bcc04d16b20cfad9bec07df8631fa41ae8d3992ab071d7e37e"},
    {file = "netCDF4-1.5.4-cp38-cp38-macosx_10_9_x86_64.whl", hash = "sha256:1dbc38bea9e50fd3476a6c9d8bcc871b8f36e194b40bb720584f7d3bb9c381b6"},
    {file = "netCDF4-1.5.4-cp38-cp38-manylinux1_i686.whl", hash = "sha256:b39e453d0ecf81bf61f2c2dca36a22149f680499ac0e06029c7fa9fa5cc2e41f"},
    {file = "netCDF4-1.5.4-cp38-cp38-manylinux1_x86_64.whl", hash = "sha256:395f9d7dbdfc13111e5a6a99ced9c64f2ffdff39a21d9d100374e31170ea4875"},
    {file = "netCDF4-1.5.4-cp38-cp38-win32.whl", hash = "sha256:368c1820b6a059887af5b5902717788b45df9db3318a4f3c9f683acb9af7bf43"},
    {file = "netCDF4-1.5.4-cp38-cp38-win_amd64.whl", hash = "sha256:26f073e09ce353c6b8f2baa4d20d41ae80bda19391110067968f0d2dfe0cba69"},
    {file = "netCDF4-1.5.4-cp39-cp39-win32.whl", hash = "sha256:a3920a4a74ace672b12864cb505a4229dc86ce93ba299df0e933ed43f011d7a4"},
    {file = "netCDF4-1.5.4-cp39-cp39-win_amd64.whl", hash = "sha256:223b84f8d2a148e889b1933944109bdecbefc097200ab42e8a66c967b1398e1b"},
    {file = "netCDF4-1.5.4.tar.gz", hash = "sha256:941de6f3623b6474ecb4d043be5990690f7af4cf0d593b31be912627fe5aad03"},
]
numpy = [
    {file = "numpy-1.19.2-cp36-cp36m-macosx_10_9_x86_64.whl", hash = "sha256:b594f76771bc7fc8a044c5ba303427ee67c17a09b36e1fa32bde82f5c419d17a"},
    {file = "numpy-1.19.2-cp36-cp36m-manylinux1_i686.whl", hash = "sha256:e6ddbdc5113628f15de7e4911c02aed74a4ccff531842c583e5032f6e5a179bd"},
    {file = "numpy-1.19.2-cp36-cp36m-manylinux1_x86_64.whl", hash = "sha256:3733640466733441295b0d6d3dcbf8e1ffa7e897d4d82903169529fd3386919a"},
    {file = "numpy-1.19.2-cp36-cp36m-manylinux2010_i686.whl", hash = "sha256:4339741994c775396e1a274dba3609c69ab0f16056c1077f18979bec2a2c2e6e"},
    {file = "numpy-1.19.2-cp36-cp36m-manylinux2010_x86_64.whl", hash = "sha256:7c6646314291d8f5ea900a7ea9c4261f834b5b62159ba2abe3836f4fa6705526"},
    {file = "numpy-1.19.2-cp36-cp36m-manylinux2014_aarch64.whl", hash = "sha256:7118f0a9f2f617f921ec7d278d981244ba83c85eea197be7c5a4f84af80a9c3c"},
    {file = "numpy-1.19.2-cp36-cp36m-win32.whl", hash = "sha256:9a3001248b9231ed73894c773142658bab914645261275f675d86c290c37f66d"},
    {file = "numpy-1.19.2-cp36-cp36m-win_amd64.whl", hash = "sha256:967c92435f0b3ba37a4257c48b8715b76741410467e2bdb1097e8391fccfae15"},
    {file = "numpy-1.19.2-cp37-cp37m-macosx_10_9_x86_64.whl", hash = "sha256:d526fa58ae4aead839161535d59ea9565863bb0b0bdb3cc63214613fb16aced4"},
    {file = "numpy-1.19.2-cp37-cp37m-manylinux1_i686.whl", hash = "sha256:eb25c381d168daf351147713f49c626030dcff7a393d5caa62515d415a6071d8"},
    {file = "numpy-1.19.2-cp37-cp37m-manylinux1_x86_64.whl", hash = "sha256:62139af94728d22350a571b7c82795b9d59be77fc162414ada6c8b6a10ef5d02"},
    {file = "numpy-1.19.2-cp37-cp37m-manylinux2010_i686.whl", hash = "sha256:0c66da1d202c52051625e55a249da35b31f65a81cb56e4c69af0dfb8fb0125bf"},
    {file = "numpy-1.19.2-cp37-cp37m-manylinux2010_x86_64.whl", hash = "sha256:2117536e968abb7357d34d754e3733b0d7113d4c9f1d921f21a3d96dec5ff716"},
    {file = "numpy-1.19.2-cp37-cp37m-manylinux2014_aarch64.whl", hash = "sha256:54045b198aebf41bf6bf4088012777c1d11703bf74461d70cd350c0af2182e45"},
    {file = "numpy-1.19.2-cp37-cp37m-win32.whl", hash = "sha256:aba1d5daf1144b956bc87ffb87966791f5e9f3e1f6fab3d7f581db1f5b598f7a"},
    {file = "numpy-1.19.2-cp37-cp37m-win_amd64.whl", hash = "sha256:addaa551b298052c16885fc70408d3848d4e2e7352de4e7a1e13e691abc734c1"},
    {file = "numpy-1.19.2-cp38-cp38-macosx_10_9_x86_64.whl", hash = "sha256:58d66a6b3b55178a1f8a5fe98df26ace76260a70de694d99577ddeab7eaa9a9d"},
    {file = "numpy-1.19.2-cp38-cp38-manylinux1_i686.whl", hash = "sha256:59f3d687faea7a4f7f93bd9665e5b102f32f3fa28514f15b126f099b7997203d"},
    {file = "numpy-1.19.2-cp38-cp38-manylinux1_x86_64.whl", hash = "sha256:cebd4f4e64cfe87f2039e4725781f6326a61f095bc77b3716502bed812b385a9"},
    {file = "numpy-1.19.2-cp38-cp38-manylinux2010_i686.whl", hash = "sha256:c35a01777f81e7333bcf276b605f39c872e28295441c265cd0c860f4b40148c1"},
    {file = "numpy-1.19.2-cp38-cp38-manylinux2010_x86_64.whl", hash = "sha256:d7ac33585e1f09e7345aa902c281bd777fdb792432d27fca857f39b70e5dd31c"},
    {file = "numpy-1.19.2-cp38-cp38-manylinux2014_aarch64.whl", hash = "sha256:04c7d4ebc5ff93d9822075ddb1751ff392a4375e5885299445fcebf877f179d5"},
    {file = "numpy-1.19.2-cp38-cp38-win32.whl", hash = "sha256:51ee93e1fac3fe08ef54ff1c7f329db64d8a9c5557e6c8e908be9497ac76374b"},
    {file = "numpy-1.19.2-cp38-cp38-win_amd64.whl", hash = "sha256:1669ec8e42f169ff715a904c9b2105b6640f3f2a4c4c2cb4920ae8b2785dac65"},
    {file = "numpy-1.19.2-pp36-pypy36_pp73-manylinux2010_x86_64.whl", hash = "sha256:0bfd85053d1e9f60234f28f63d4a5147ada7f432943c113a11afcf3e65d9d4c8"},
    {file = "numpy-1.19.2.zip", hash = "sha256:0d310730e1e793527065ad7dde736197b705d0e4c9999775f212b03c44a8484c"},
]
parcels = [
    {file = "parcels-2.0.0.tar.gz", hash = "sha256:33dcdc9d57abf6b802733c2a253df8ea03ebefd6075ecd6986f85a47e4e19df8"},
]
pluggy = [
    {file = "pluggy-0.13.1-py2.py3-none-any.whl", hash = "sha256:966c145cd83c96502c3c3868f50408687b38434af77734af1e9ca461a4081d2d"},
    {file = "pluggy-0.13.1.tar.gz", hash = "sha256:15b2acde666561e1298d71b523007ed7364de07029219b604cf808bfa1c765b0"},
]
py = [
    {file = "py-1.9.0-py2.py3-none-any.whl", hash = "sha256:366389d1db726cd2fcfc79732e75410e5fe4d31db13692115529d34069a043c2"},
    {file = "py-1.9.0.tar.gz", hash = "sha256:9ca6883ce56b4e8da7e79ac18787889fa5206c79dcc67fb065376cd2fe03f342"},
]
pytest = [
    {file = "pytest-3.10.1-py2.py3-none-any.whl", hash = "sha256:3f193df1cfe1d1609d4c583838bea3d532b18d6160fd3f55c9447fdca30848ec"},
    {file = "pytest-3.10.1.tar.gz", hash = "sha256:e246cf173c01169b9617fc07264b7b1316e78d7a650055235d6d897bc80d9660"},
]
python-dotenv = [
    {file = "python-dotenv-0.14.0.tar.gz", hash = "sha256:8c10c99a1b25d9a68058a1ad6f90381a62ba68230ca93966882a4dbc3bc9c33d"},
    {file = "python_dotenv-0.14.0-py2.py3-none-any.whl", hash = "sha256:c10863aee750ad720f4f43436565e4c1698798d763b63234fb5021b6c616e423"},
]
six = [
    {file = "six-1.15.0-py2.py3-none-any.whl", hash = "sha256:8b74bedcbbbaca38ff6d7491d76f2b06b3592611af620f8426e82dddb04a5ced"},
    {file = "six-1.15.0.tar.gz", hash = "sha256:30639c035cdb23534cd4aa2dd52c3bf48f06e5f4a941509c8bafd8ce11080259"},
]
zipp = [
    {file = "zipp-3.2.0-py3-none-any.whl", hash = "sha256:43f4fa8d8bb313e65d8323a3952ef8756bf40f9a5c3ea7334be23ee4ec8278b6"},
    {file = "zipp-3.2.0.tar.gz", hash = "sha256:b52f22895f4cfce194bc8172f3819ee8de7540aa6d873535a8668b730b8b411f"},
]
